
Microsoft Visual Studio Solution File, Format Version 12.00
# Visual Studio Version 16
VisualStudioVersion = 16.0.29926.136
MinimumVisualStudioVersion = 10.0.40219.1
Project("{FAE04EC0-301F-11D3-BF4B-00C04F79EFBC}") = "Hangar.Model", "Hangar\Hangar.Model.csproj", "{3F1CE8EC-BE6A-45BA-8BEF-0B8F05D73EDE}"
EndProject
Project("{9A19103F-16F7-4668-BE54-9A1E7A4F7556}") = "Hangar.API", "Hangar.API\Hangar.API.csproj", "{137E5738-590D-4FF3-A027-C4D1BFC3D18B}"
EndProject
Project("{FAE04EC0-301F-11D3-BF4B-00C04F79EFBC}") = "Hangar.GUI", "Hangar.GUI\Hangar.GUI.csproj", "{8C592EF4-9468-4A4B-926A-CBF092AE6E51}"
EndProject
Project("{FAE04EC0-301F-11D3-BF4B-00C04F79EFBC}") = "Hangar.UnitTests", "Hangar.UnitTests\Hangar.UnitTests.csproj", "{A61D5E48-CB4A-471F-A705-A648AE5690D9}"
EndProject
Global
	GlobalSection(SolutionConfigurationPlatforms) = preSolution
		Debug|Any CPU = Debug|Any CPU
		Release|Any CPU = Release|Any CPU
	EndGlobalSection
	GlobalSection(ProjectConfigurationPlatforms) = postSolution
		{3F1CE8EC-BE6A-45BA-8BEF-0B8F05D73EDE}.Debug|Any CPU.ActiveCfg = Debug|Any CPU
		{3F1CE8EC-BE6A-45BA-8BEF-0B8F05D73EDE}.Debug|Any CPU.Build.0 = Debug|Any CPU
		{3F1CE8EC-BE6A-45BA-8BEF-0B8F05D73EDE}.Release|Any CPU.ActiveCfg = Release|Any CPU
		{3F1CE8EC-BE6A-45BA-8BEF-0B8F05D73EDE}.Release|Any CPU.Build.0 = Release|Any CPU
		{137E5738-590D-4FF3-A027-C4D1BFC3D18B}.Debug|Any CPU.ActiveCfg = Debug|Any CPU
		{137E5738-590D-4FF3-A027-C4D1BFC3D18B}.Debug|Any CPU.Build.0 = Debug|Any CPU
		{137E5738-590D-4FF3-A027-C4D1BFC3D18B}.Release|Any CPU.ActiveCfg = Release|Any CPU
		{137E5738-590D-4FF3-A027-C4D1BFC3D18B}.Release|Any CPU.Build.0 = Release|Any CPU
		{8C592EF4-9468-4A4B-926A-CBF092AE6E51}.Debug|Any CPU.ActiveCfg = Debug|Any CPU
		{8C592EF4-9468-4A4B-926A-CBF092AE6E51}.Debug|Any CPU.Build.0 = Debug|Any CPU
		{8C592EF4-9468-4A4B-926A-CBF092AE6E51}.Release|Any CPU.ActiveCfg = Release|Any CPU
		{8C592EF4-9468-4A4B-926A-CBF092AE6E51}.Release|Any CPU.Build.0 = Release|Any CPU
		{A61D5E48-CB4A-471F-A705-A648AE5690D9}.Debug|Any CPU.ActiveCfg = Debug|Any CPU
		{A61D5E48-CB4A-471F-A705-A648AE5690D9}.Debug|Any CPU.Build.0 = Debug|Any CPU
		{A61D5E48-CB4A-471F-A705-A648AE5690D9}.Release|Any CPU.ActiveCfg = Release|Any CPU
		{A61D5E48-CB4A-471F-A705-A648AE5690D9}.Release|Any CPU.Build.0 = Release|Any CPU
	EndGlobalSection
	GlobalSection(SolutionProperties) = preSolution
		HideSolutionNode = FALSE
	EndGlobalSection
	GlobalSection(ExtensibilityGlobals) = postSolution
		SolutionGuid = {19C14796-4643-4337-B124-F56BD0EDDC5A}
	EndGlobalSection
EndGlobal
